// !$*UTF8*$!
{
	archiveVersion = 1;
	classes = {
	};
	objectVersion = 50;
	objects = {

/* Begin PBXBuildFile section */
		377E71D620FBF5640093112A /* DataModel.xcdatamodeld in Sources */ = {isa = PBXBuildFile; fileRef = 377E71D420FBF5640093112A /* DataModel.xcdatamodeld */; };
		3797C1ED2101694D00BA85EB /* CategoryViewController.swift in Sources */ = {isa = PBXBuildFile; fileRef = 3797C1EC2101694D00BA85EB /* CategoryViewController.swift */; };
		37E35DA320F2DEB2002F6360 /* AppDelegate.swift in Sources */ = {isa = PBXBuildFile; fileRef = 37E35DA220F2DEB2002F6360 /* AppDelegate.swift */; };
		37E35DA520F2DEB2002F6360 /* ToDoListViewController.swift in Sources */ = {isa = PBXBuildFile; fileRef = 37E35DA420F2DEB2002F6360 /* ToDoListViewController.swift */; };
		37E35DA820F2DEB2002F6360 /* Main.storyboard in Resources */ = {isa = PBXBuildFile; fileRef = 37E35DA620F2DEB2002F6360 /* Main.storyboard */; };
		37E35DAA20F2DEB3002F6360 /* Assets.xcassets in Resources */ = {isa = PBXBuildFile; fileRef = 37E35DA920F2DEB3002F6360 /* Assets.xcassets */; };
		37E35DAD20F2DEB3002F6360 /* LaunchScreen.storyboard in Resources */ = {isa = PBXBuildFile; fileRef = 37E35DAB20F2DEB3002F6360 /* LaunchScreen.storyboard */; };
/* End PBXBuildFile section */

/* Begin PBXFileReference section */
		377E71D520FBF5640093112A /* DataModel.xcdatamodel */ = {isa = PBXFileReference; lastKnownFileType = wrapper.xcdatamodel; path = DataModel.xcdatamodel; sourceTree = "<group>"; };
		3797C1EC2101694D00BA85EB /* CategoryViewController.swift */ = {isa = PBXFileReference; lastKnownFileType = sourcecode.swift; path = CategoryViewController.swift; sourceTree = "<group>"; };
		37E35D9F20F2DEB2002F6360 /* ToDL.app */ = {isa = PBXFileReference; explicitFileType = wrapper.application; includeInIndex = 0; path = ToDL.app; sourceTree = BUILT_PRODUCTS_DIR; };
		37E35DA220F2DEB2002F6360 /* AppDelegate.swift */ = {isa = PBXFileReference; lastKnownFileType = sourcecode.swift; path = AppDelegate.swift; sourceTree = "<group>"; };
		37E35DA420F2DEB2002F6360 /* ToDoListViewController.swift */ = {isa = PBXFileReference; lastKnownFileType = sourcecode.swift; path = ToDoListViewController.swift; sourceTree = "<group>"; };
		37E35DA720F2DEB2002F6360 /* Base */ = {isa = PBXFileReference; lastKnownFileType = file.storyboard; name = Base; path = Base.lproj/Main.storyboard; sourceTree = "<group>"; };
		37E35DA920F2DEB3002F6360 /* Assets.xcassets */ = {isa = PBXFileReference; lastKnownFileType = folder.assetcatalog; path = Assets.xcassets; sourceTree = "<group>"; };
		37E35DAC20F2DEB3002F6360 /* Base */ = {isa = PBXFileReference; lastKnownFileType = file.storyboard; name = Base; path = Base.lproj/LaunchScreen.storyboard; sourceTree = "<group>"; };
		37E35DAE20F2DEB3002F6360 /* Info.plist */ = {isa = PBXFileReference; lastKnownFileType = text.plist.xml; path = Info.plist; sourceTree = "<group>"; };
/* End PBXFileReference section */

/* Begin PBXFrameworksBuildPhase section */
		37E35D9C20F2DEB2002F6360 /* Frameworks */ = {
			isa = PBXFrameworksBuildPhase;
			buildActionMask = 2147483647;
			files = (
			);
			runOnlyForDeploymentPostprocessing = 0;
		};
/* End PBXFrameworksBuildPhase section */

/* Begin PBXGroup section */
		377E71AF20FAD5EF0093112A /* Data Model */ = {
			isa = PBXGroup;
			children = (
				377E71D420FBF5640093112A /* DataModel.xcdatamodeld */,
			);
			path = "Data Model";
			sourceTree = "<group>";
		};
		377E71B020FAD5FD0093112A /* Controllers */ = {
			isa = PBXGroup;
			children = (
				3797C1EC2101694D00BA85EB /* CategoryViewController.swift */,
				37E35DA420F2DEB2002F6360 /* ToDoListViewController.swift */,
			);
			path = Controllers;
			sourceTree = "<group>";
		};
		377E71B120FAD6230093112A /* Views */ = {
			isa = PBXGroup;
			children = (
				37E35DA620F2DEB2002F6360 /* Main.storyboard */,
			);
			path = Views;
			sourceTree = "<group>";
		};
		377E71B220FAD6310093112A /* Supporting Files */ = {
			isa = PBXGroup;
			children = (
				37E35DA920F2DEB3002F6360 /* Assets.xcassets */,
				37E35DAB20F2DEB3002F6360 /* LaunchScreen.storyboard */,
			);
			path = "Supporting Files";
			sourceTree = "<group>";
		};
		37E35D9620F2DEB2002F6360 = {
			isa = PBXGroup;
			children = (
				37E35DA120F2DEB2002F6360 /* ToDL */,
				37E35DA020F2DEB2002F6360 /* Products */,
			);
			sourceTree = "<group>";
		};
		37E35DA020F2DEB2002F6360 /* Products */ = {
			isa = PBXGroup;
			children = (
				37E35D9F20F2DEB2002F6360 /* ToDL.app */,
			);
			name = Products;
			sourceTree = "<group>";
		};
		37E35DA120F2DEB2002F6360 /* ToDL */ = {
			isa = PBXGroup;
			children = (
				37E35DA220F2DEB2002F6360 /* AppDelegate.swift */,
				377E71B020FAD5FD0093112A /* Controllers */,
				377E71AF20FAD5EF0093112A /* Data Model */,
				377E71B120FAD6230093112A /* Views */,
				377E71B220FAD6310093112A /* Supporting Files */,
				37E35DAE20F2DEB3002F6360 /* Info.plist */,
			);
			path = ToDL;
			sourceTree = "<group>";
		};
/* End PBXGroup section */

/* Begin PBXNativeTarget section */
		37E35D9E20F2DEB2002F6360 /* ToDL */ = {
			isa = PBXNativeTarget;
			buildConfigurationList = 37E35DB120F2DEB3002F6360 /* Build configuration list for PBXNativeTarget "ToDL" */;
			buildPhases = (
				37E35D9B20F2DEB2002F6360 /* Sources */,
				37E35D9C20F2DEB2002F6360 /* Frameworks */,
				37E35D9D20F2DEB2002F6360 /* Resources */,
			);
			buildRules = (
			);
			dependencies = (
			);
			name = ToDL;
			productName = ToDL;
			productReference = 37E35D9F20F2DEB2002F6360 /* ToDL.app */;
			productType = "com.apple.product-type.application";
		};
/* End PBXNativeTarget section */

/* Begin PBXProject section */
		37E35D9720F2DEB2002F6360 /* Project object */ = {
			isa = PBXProject;
			attributes = {
				LastSwiftUpdateCheck = 0940;
				LastUpgradeCheck = 0940;
				ORGANIZATIONNAME = "Bing Lyu";
				TargetAttributes = {
					37E35D9E20F2DEB2002F6360 = {
						CreatedOnToolsVersion = 9.4;
					};
				};
			};
			buildConfigurationList = 37E35D9A20F2DEB2002F6360 /* Build configuration list for PBXProject "ToDL" */;
			compatibilityVersion = "Xcode 9.3";
			developmentRegion = en;
			hasScannedForEncodings = 0;
			knownRegions = (
				en,
				Base,
			);
			mainGroup = 37E35D9620F2DEB2002F6360;
			productRefGroup = 37E35DA020F2DEB2002F6360 /* Products */;
			projectDirPath = "";
			projectRoot = "";
			targets = (
				37E35D9E20F2DEB2002F6360 /* ToDL */,
			);
		};
/* End PBXProject section */

/* Begin PBXResourcesBuildPhase section */
		37E35D9D20F2DEB2002F6360 /* Resources */ = {
			isa = PBXResourcesBuildPhase;
			buildActionMask = 2147483647;
			files = (
				37E35DAD20F2DEB3002F6360 /* LaunchScreen.storyboard in Resources */,
				37E35DAA20F2DEB3002F6360 /* Assets.xcassets in Resources */,
				37E35DA820F2DEB2002F6360 /* Main.storyboard in Resources */,
			);
			runOnlyForDeploymentPostprocessing = 0;
		};
/* End PBXResourcesBuildPhase section */

/* Begin PBXSourcesBuildPhase section */
		37E35D9B20F2DEB2002F6360 /* Sources */ = {
			isa = PBXSourcesBuildPhase;
			buildActionMask = 2147483647;
			files = (
				3797C1ED2101694D00BA85EB /* CategoryViewController.swift in Sources */,
				37E35DA520F2DEB2002F6360 /* ToDoListViewController.swift in Sources */,
				377E71D620FBF5640093112A /* DataModel.xcdatamodeld in Sources */,
				37E35DA320F2DEB2002F6360 /* AppDelegate.swift in Sources */,
			);
			runOnlyForDeploymentPostprocessing = 0;
		};
/* End PBXSourcesBuildPhase section */

/* Begin PBXVariantGroup section */
		37E35DA620F2DEB2002F6360 /* Main.storyboard */ = {
			isa = PBXVariantGroup;
			children = (
				37E35DA720F2DEB2002F6360 /* Base */,
			);
			name = Main.storyboard;
			sourceTree = "<group>";
		};
		37E35DAB20F2DEB3002F6360 /* LaunchScreen.storyboard */ = {
			isa = PBXVariantGroup;
			children = (
				37E35DAC20F2DEB3002F6360 /* Base */,
			);
			name = LaunchScreen.storyboard;
			sourceTree = "<group>";
		};
/* End PBXVariantGroup section */

/* Begin XCBuildConfiguration section */
		37E35DAF20F2DEB3002F6360 /* Debug */ = {
			isa = XCBuildConfiguration;
			buildSettings = {
				ALWAYS_SEARCH_USER_PATHS = NO;
				CLANG_ANALYZER_NONNULL = YES;
				CLANG_ANALYZER_NUMBER_OBJECT_CONVERSION = YES_AGGRESSIVE;
				CLANG_CXX_LANGUAGE_STANDARD = "gnu++14";
				CLANG_CXX_LIBRARY = "libc++";
				CLANG_ENABLE_MODULES = YES;
				CLANG_ENABLE_OBJC_ARC = YES;
				CLANG_ENABLE_OBJC_WEAK = YES;
				CLANG_WARN_BLOCK_CAPTURE_AUTORELEASING = YES;
				CLANG_WARN_BOOL_CONVERSION = YES;
				CLANG_WARN_COMMA = YES;
				CLANG_WARN_CONSTANT_CONVERSION = YES;
				CLANG_WARN_DEPRECATED_OBJC_IMPLEMENTATIONS = YES;
				CLANG_WARN_DIRECT_OBJC_ISA_USAGE = YES_ERROR;
				CLANG_WARN_DOCUMENTATION_COMMENTS = YES;
				CLANG_WARN_EMPTY_BODY = YES;
				CLANG_WARN_ENUM_CONVERSION = YES;
				CLANG_WARN_INFINITE_RECURSION = YES;
				CLANG_WARN_INT_CONVERSION = YES;
				CLANG_WARN_NON_LITERAL_NULL_CONVERSION = YES;
				CLANG_WARN_OBJC_IMPLICIT_RETAIN_SELF = YES;
				CLANG_WARN_OBJC_LITERAL_CONVERSION = YES;
				CLANG_WARN_OBJC_ROOT_CLASS = YES_ERROR;
				CLANG_WARN_RANGE_LOOP_ANALYSIS = YES;
				CLANG_WARN_STRICT_PROTOTYPES = YES;
				CLANG_WARN_SUSPICIOUS_MOVE = YES;
				CLANG_WARN_UNGUARDED_AVAILABILITY = YES_AGGRESSIVE;
				CLANG_WARN_UNREACHABLE_CODE = YES;
				CLANG_WARN__DUPLICATE_METHOD_MATCH = YES;
				CODE_SIGN_IDENTITY = "iPhone Developer";
				COPY_PHASE_STRIP = NO;
				DEBUG_INFORMATION_FORMAT = dwarf;
				ENABLE_STRICT_OBJC_MSGSEND = YES;
				ENABLE_TESTABILITY = YES;
				GCC_C_LANGUAGE_STANDARD = gnu11;
				GCC_DYNAMIC_NO_PIC = NO;
				GCC_NO_COMMON_BLOCKS = YES;
				GCC_OPTIMIZATION_LEVEL = 0;
				GCC_PREPROCESSOR_DEFINITIONS = (
					"DEBUG=1",
					"$(inherited)",
				);
				GCC_WARN_64_TO_32_BIT_CONVERSION = YES;
				GCC_WARN_ABOUT_RETURN_TYPE = YES_ERROR;
				GCC_WARN_UNDECLARED_SELECTOR = YES;
				GCC_WARN_UNINITIALIZED_AUTOS = YES_AGGRESSIVE;
				GCC_WARN_UNUSED_FUNCTION = YES;
				GCC_WARN_UNUSED_VARIABLE = YES;
				IPHONEOS_DEPLOYMENT_TARGET = 11.4;
				MTL_ENABLE_DEBUG_INFO = YES;
				ONLY_ACTIVE_ARCH = YES;
				SDKROOT = iphoneos;
				SWIFT_ACTIVE_COMPILATION_CONDITIONS = DEBUG;
				SWIFT_OPTIMIZATION_LEVEL = "-Onone";
			};
			name = Debug;
		};
		37E35DB020F2DEB3002F6360 /* Release */ = {
			isa = XCBuildConfiguration;
			buildSettings = {
				ALWAYS_SEARCH_USER_PATHS = NO;
				CLANG_ANALYZER_NONNULL = YES;
				CLANG_ANALYZER_NUMBER_OBJECT_CONVERSION = YES_AGGRESSIVE;
				CLANG_CXX_LANGUAGE_STANDARD = "gnu++14";
				CLANG_CXX_LIBRARY = "libc++";
				CLANG_ENABLE_MODULES = YES;
				CLANG_ENABLE_OBJC_ARC = YES;
				CLANG_ENABLE_OBJC_WEAK = YES;
				CLANG_WARN_BLOCK_CAPTURE_AUTORELEASING = YES;
				CLANG_WARN_BOOL_CONVERSION = YES;
				CLANG_WARN_COMMA = YES;
				CLANG_WARN_CONSTANT_CONVERSION = YES;
				CLANG_WARN_DEPRECATED_OBJC_IMPLEMENTATIONS = YES;
				CLANG_WARN_DIRECT_OBJC_ISA_USAGE = YES_ERROR;
				CLANG_WARN_DOCUMENTATION_COMMENTS = YES;
				CLANG_WARN_EMPTY_BODY = YES;
				CLANG_WARN_ENUM_CONVERSION = YES;
				CLANG_WARN_INFINITE_RECURSION = YES;
				CLANG_WARN_INT_CONVERSION = YES;
				CLANG_WARN_NON_LITERAL_NULL_CONVERSION = YES;
				CLANG_WARN_OBJC_IMPLICIT_RETAIN_SELF = YES;
				CLANG_WARN_OBJC_LITERAL_CONVERSION = YES;
				CLANG_WARN_OBJC_ROOT_CLASS = YES_ERROR;
				CLANG_WARN_RANGE_LOOP_ANALYSIS = YES;
				CLANG_WARN_STRICT_PROTOTYPES = YES;
				CLANG_WARN_SUSPICIOUS_MOVE = YES;
				CLANG_WARN_UNGUARDED_AVAILABILITY = YES_AGGRESSIVE;
				CLANG_WARN_UNREACHABLE_CODE = YES;
				CLANG_WARN__DUPLICATE_METHOD_MATCH = YES;
				CODE_SIGN_IDENTITY = "iPhone Developer";
				COPY_PHASE_STRIP = NO;
				DEBUG_INFORMATION_FORMAT = "dwarf-with-dsym";
				ENABLE_NS_ASSERTIONS = NO;
				ENABLE_STRICT_OBJC_MSGSEND = YES;
				GCC_C_LANGUAGE_STANDARD = gnu11;
				GCC_NO_COMMON_BLOCKS = YES;
				GCC_WARN_64_TO_32_BIT_CONVERSION = YES;
				GCC_WARN_ABOUT_RETURN_TYPE = YES_ERROR;
				GCC_WARN_UNDECLARED_SELECTOR = YES;
				GCC_WARN_UNINITIALIZED_AUTOS = YES_AGGRESSIVE;
				GCC_WARN_UNUSED_FUNCTION = YES;
				GCC_WARN_UNUSED_VARIABLE = YES;
				IPHONEOS_DEPLOYMENT_TARGET = 11.4;
				MTL_ENABLE_DEBUG_INFO = NO;
				SDKROOT = iphoneos;
				SWIFT_COMPILATION_MODE = wholemodule;
				SWIFT_OPTIMIZATION_LEVEL = "-O";
				VALIDATE_PRODUCT = YES;
			};
			name = Release;
		};
		37E35DB220F2DEB3002F6360 /* Debug */ = {
			isa = XCBuildConfiguration;
			buildSettings = {
				ASSETCATALOG_COMPILER_APPICON_NAME = AppIcon;
				CODE_SIGN_STYLE = Automatic;
				DEVELOPMENT_TEAM = B4ACUW535Y;
				INFOPLIST_FILE = ToDL/Info.plist;
				LD_RUNPATH_SEARCH_PATHS = (
					"$(inherited)",
					"@executable_path/Frameworks",
				);
				PRODUCT_BUNDLE_IDENTIFIER = "com.Bing-Lyu.ToDL";
				PRODUCT_NAME = "$(TARGET_NAME)";
				SWIFT_VERSION = 4.0;
				TARGETED_DEVICE_FAMILY = "1,2";
			};
			name = Debug;
		};
		37E35DB320F2DEB3002F6360 /* Release */ = {
			isa = XCBuildConfiguration;
			buildSettings = {
				ASSETCATALOG_COMPILER_APPICON_NAME = AppIcon;
				CODE_SIGN_STYLE = Automatic;
				DEVELOPMENT_TEAM = B4ACUW535Y;
				INFOPLIST_FILE = ToDL/Info.plist;
				LD_RUNPATH_SEARCH_PATHS = (
					"$(inherited)",
					"@executable_path/Frameworks",
				);
				PRODUCT_BUNDLE_IDENTIFIER = "com.Bing-Lyu.ToDL";
				PRODUCT_NAME = "$(TARGET_NAME)";
				SWIFT_VERSION = 4.0;
				TARGETED_DEVICE_FAMILY = "1,2";
			};
			name = Release;
		};
/* End XCBuildConfiguration section */

/* Begin XCConfigurationList section */
		37E35D9A20F2DEB2002F6360 /* Build configuration list for PBXProject "ToDL" */ = {
			isa = XCConfigurationList;
			buildConfigurations = (
				37E35DAF20F2DEB3002F6360 /* Debug */,
				37E35DB020F2DEB3002F6360 /* Release */,
			);
			defaultConfigurationIsVisible = 0;
			defaultConfigurationName = Release;
		};
		37E35DB120F2DEB3002F6360 /* Build configuration list for PBXNativeTarget "ToDL" */ = {
			isa = XCConfigurationList;
			buildConfigurations = (
				37E35DB220F2DEB3002F6360 /* Debug */,
				37E35DB320F2DEB3002F6360 /* Release */,
			);
			defaultConfigurationIsVisible = 0;
			defaultConfigurationName = Release;
		};
/* End XCConfigurationList section */

/* Begin XCVersionGroup section */
		377E71D420FBF5640093112A /* DataModel.xcdatamodeld */ = {
			isa = XCVersionGroup;
			children = (
				377E71D520FBF5640093112A /* DataModel.xcdatamodel */,
			);
			currentVersion = 377E71D520FBF5640093112A /* DataModel.xcdatamodel */;
			path = DataModel.xcdatamodeld;
			sourceTree = "<group>";
			versionGroupType = wrapper.xcdatamodel;
		};
/* End XCVersionGroup section */
	};
	rootObject = 37E35D9720F2DEB2002F6360 /* Project object */;
}
